PODS:
  - Base64 (1.1.2)
  - boost-for-react-native (1.63.0)
  - BVLinearGradient (2.5.6):
    - React
  - CodePush (5.7.0):
    - Base64 (~> 1.1)
    - JWT (~> 3.0.0-beta.7)
    - React
    - SSZipArchive (~> 2.1)
  - DoubleConversion (1.1.6)
  - FBLazyVector (0.61.0)
  - FBReactNativeSpec (0.61.0):
    - Folly (= 2018.10.22.00)
    - RCTRequired (= 0.61.0)
    - RCTTypeSafety (= 0.61.0)
    - React-Core (= 0.61.0)
    - React-jsi (= 0.61.0)
    - ReactCommon/turbomodule/core (= 0.61.0)
  - Folly (2018.10.22.00):
    - boost-for-react-native
    - DoubleConversion
    - Folly/Default (= 2018.10.22.00)
    - glog
  - Folly/Default (2018.10.22.00):
    - boost-for-react-native
    - DoubleConversion
    - glog
  - glog (0.3.5)
  - Google-Maps-iOS-Utils (2.1.0):
    - Google-Maps-iOS-Utils/Clustering (= 2.1.0)
    - Google-Maps-iOS-Utils/Geometry (= 2.1.0)
    - Google-Maps-iOS-Utils/Heatmap (= 2.1.0)
    - Google-Maps-iOS-Utils/QuadTree (= 2.1.0)
    - GoogleMaps
  - Google-Maps-iOS-Utils/Clustering (2.1.0):
    - Google-Maps-iOS-Utils/QuadTree
    - GoogleMaps
  - Google-Maps-iOS-Utils/Geometry (2.1.0):
    - GoogleMaps
  - Google-Maps-iOS-Utils/Heatmap (2.1.0):
    - Google-Maps-iOS-Utils/QuadTree
    - GoogleMaps
  - Google-Maps-iOS-Utils/QuadTree (2.1.0):
    - GoogleMaps
  - GoogleMaps (3.2.0):
    - GoogleMaps/Maps (= 3.2.0)
  - GoogleMaps/Base (3.2.0)
  - GoogleMaps/Maps (3.2.0):
    - GoogleMaps/Base
  - JWT (3.0.0-beta.11):
    - Base64 (~> 1.1.2)
  - OneSignal (2.11.2)
  - QBImagePickerController (3.4.0)
  - RCTRequired (0.61.0)
  - RCTRestart (0.0.13):
    - React
  - RCTTypeSafety (0.61.0):
    - FBLazyVector (= 0.61.0)
    - Folly (= 2018.10.22.00)
    - RCTRequired (= 0.61.0)
    - React-Core (= 0.61.0)
  - React (0.61.0):
    - React-Core (= 0.61.0)
    - React-Core/DevSupport (= 0.61.0)
    - React-Core/RCTWebSocket (= 0.61.0)
    - React-RCTActionSheet (= 0.61.0)
    - React-RCTAnimation (= 0.61.0)
    - React-RCTBlob (= 0.61.0)
    - React-RCTImage (= 0.61.0)
    - React-RCTLinking (= 0.61.0)
    - React-RCTNetwork (= 0.61.0)
    - React-RCTSettings (= 0.61.0)
    - React-RCTText (= 0.61.0)
    - React-RCTVibration (= 0.61.0)
  - React-Core (0.61.0):
    - Folly (= 2018.10.22.00)
    - glog
    - React-Core/Default (= 0.61.0)
    - React-cxxreact (= 0.61.0)
    - React-jsi (= 0.61.0)
    - React-jsiexecutor (= 0.61.0)
    - Yoga
  - React-Core/CoreModulesHeaders (0.61.0):
    - Folly (= 2018.10.22.00)
    - glog
    - React-Core/Default
    - React-cxxreact (= 0.61.0)
    - React-jsi (= 0.61.0)
    - React-jsiexecutor (= 0.61.0)
    - Yoga
  - React-Core/Default (0.61.0):
    - Folly (= 2018.10.22.00)
    - glog
    - React-cxxreact (= 0.61.0)
    - React-jsi (= 0.61.0)
    - React-jsiexecutor (= 0.61.0)
    - Yoga
  - React-Core/DevSupport (0.61.0):
    - Folly (= 2018.10.22.00)
    - glog
    - React-Core/Default (= 0.61.0)
    - React-Core/RCTWebSocket (= 0.61.0)
    - React-cxxreact (= 0.61.0)
    - React-jsi (= 0.61.0)
    - React-jsiexecutor (= 0.61.0)
    - React-jsinspector (= 0.61.0)
    - Yoga
  - React-Core/RCTActionSheetHeaders (0.61.0):
    - Folly (= 2018.10.22.00)
    - glog
    - React-Core/Default
    - React-cxxreact (= 0.61.0)
    - React-jsi (= 0.61.0)
    - React-jsiexecutor (= 0.61.0)
    - Yoga
  - React-Core/RCTAnimationHeaders (0.61.0):
    - Folly (= 2018.10.22.00)
    - glog
    - React-Core/Default
    - React-cxxreact (= 0.61.0)
    - React-jsi (= 0.61.0)
    - React-jsiexecutor (= 0.61.0)
    - Yoga
  - React-Core/RCTBlobHeaders (0.61.0):
    - Folly (= 2018.10.22.00)
    - glog
    - React-Core/Default
    - React-cxxreact (= 0.61.0)
    - React-jsi (= 0.61.0)
    - React-jsiexecutor (= 0.61.0)
    - Yoga
  - React-Core/RCTImageHeaders (0.61.0):
    - Folly (= 2018.10.22.00)
    - glog
    - React-Core/Default
    - React-cxxreact (= 0.61.0)
    - React-jsi (= 0.61.0)
    - React-jsiexecutor (= 0.61.0)
    - Yoga
  - React-Core/RCTLinkingHeaders (0.61.0):
    - Folly (= 2018.10.22.00)
    - glog
    - React-Core/Default
    - React-cxxreact (= 0.61.0)
    - React-jsi (= 0.61.0)
    - React-jsiexecutor (= 0.61.0)
    - Yoga
  - React-Core/RCTNetworkHeaders (0.61.0):
    - Folly (= 2018.10.22.00)
    - glog
    - React-Core/Default
    - React-cxxreact (= 0.61.0)
    - React-jsi (= 0.61.0)
    - React-jsiexecutor (= 0.61.0)
    - Yoga
  - React-Core/RCTSettingsHeaders (0.61.0):
    - Folly (= 2018.10.22.00)
    - glog
    - React-Core/Default
    - React-cxxreact (= 0.61.0)
    - React-jsi (= 0.61.0)
    - React-jsiexecutor (= 0.61.0)
    - Yoga
  - React-Core/RCTTextHeaders (0.61.0):
    - Folly (= 2018.10.22.00)
    - glog
    - React-Core/Default
    - React-cxxreact (= 0.61.0)
    - React-jsi (= 0.61.0)
    - React-jsiexecutor (= 0.61.0)
    - Yoga
  - React-Core/RCTVibrationHeaders (0.61.0):
    - Folly (= 2018.10.22.00)
    - glog
    - React-Core/Default
    - React-cxxreact (= 0.61.0)
    - React-jsi (= 0.61.0)
    - React-jsiexecutor (= 0.61.0)
    - Yoga
  - React-Core/RCTWebSocket (0.61.0):
    - Folly (= 2018.10.22.00)
    - glog
    - React-Core/Default (= 0.61.0)
    - React-cxxreact (= 0.61.0)
    - React-jsi (= 0.61.0)
    - React-jsiexecutor (= 0.61.0)
    - Yoga
  - React-CoreModules (0.61.0):
    - FBReactNativeSpec (= 0.61.0)
    - Folly (= 2018.10.22.00)
    - RCTTypeSafety (= 0.61.0)
    - React-Core/CoreModulesHeaders (= 0.61.0)
    - React-RCTImage (= 0.61.0)
    - ReactCommon/turbomodule/core (= 0.61.0)
  - React-cxxreact (0.61.0):
    - boost-for-react-native (= 1.63.0)
    - DoubleConversion
    - Folly (= 2018.10.22.00)
    - glog
    - React-jsinspector (= 0.61.0)
  - React-jsi (0.61.0):
    - boost-for-react-native (= 1.63.0)
    - DoubleConversion
    - Folly (= 2018.10.22.00)
    - glog
    - React-jsi/Default (= 0.61.0)
  - React-jsi/Default (0.61.0):
    - boost-for-react-native (= 1.63.0)
    - DoubleConversion
    - Folly (= 2018.10.22.00)
    - glog
  - React-jsiexecutor (0.61.0):
    - DoubleConversion
    - Folly (= 2018.10.22.00)
    - glog
    - React-cxxreact (= 0.61.0)
    - React-jsi (= 0.61.0)
  - React-jsinspector (0.61.0)
  - react-native-cameraroll (1.2.1):
    - React
  - react-native-document-picker (3.2.4):
    - React
  - react-native-geocoder (0.5.0):
    - React
  - react-native-geolocation (2.0.2):
    - React
  - react-native-google-maps (0.26.1):
    - Google-Maps-iOS-Utils (= 2.1.0)
    - GoogleMaps (= 3.2.0)
    - React
  - react-native-image-picker (1.1.0):
    - React
  - react-native-mapbox-gl (7.0.7):
    - React
  - react-native-maps (0.26.1):
    - React
  - react-native-netinfo (4.4.0):
    - React
  - react-native-onesignal (3.4.2):
    - OneSignal (= 2.11.2)
    - React (< 1.0.0, >= 0.13.0)
  - react-native-splash-screen (3.2.0):
    - React
  - React-RCTActionSheet (0.61.0):
    - React-Core/RCTActionSheetHeaders (= 0.61.0)
  - React-RCTAnimation (0.61.0):
    - React-Core/RCTAnimationHeaders (= 0.61.0)
  - React-RCTBlob (0.61.0):
    - React-Core/RCTBlobHeaders (= 0.61.0)
    - React-Core/RCTWebSocket (= 0.61.0)
    - React-jsi (= 0.61.0)
    - React-RCTNetwork (= 0.61.0)
  - React-RCTImage (0.61.0):
    - React-Core/RCTImageHeaders (= 0.61.0)
    - React-RCTNetwork (= 0.61.0)
  - React-RCTLinking (0.61.0):
    - React-Core/RCTLinkingHeaders (= 0.61.0)
  - React-RCTNetwork (0.61.0):
    - React-Core/RCTNetworkHeaders (= 0.61.0)
  - React-RCTSettings (0.61.0):
    - React-Core/RCTSettingsHeaders (= 0.61.0)
  - React-RCTText (0.61.0):
    - React-Core/RCTTextHeaders (= 0.61.0)
  - React-RCTVibration (0.61.0):
    - React-Core/RCTVibrationHeaders (= 0.61.0)
  - ReactCommon/jscallinvoker (0.61.0):
    - DoubleConversion
    - Folly (= 2018.10.22.00)
    - glog
    - React-cxxreact (= 0.61.0)
  - ReactCommon/turbomodule/core (0.61.0):
    - DoubleConversion
    - Folly (= 2018.10.22.00)
    - glog
    - React-Core (= 0.61.0)
    - React-cxxreact (= 0.61.0)
    - React-jsi (= 0.61.0)
    - ReactCommon/jscallinvoker (= 0.61.0)
  - RNCAsyncStorage (1.6.2):
    - React
  - RNGestureHandler (1.4.1):
    - React
  - RNI18n (2.0.15):
    - React
  - RNImageCropPicker (0.25.3):
    - QBImagePickerController
    - React-Core
    - React-RCTImage
    - RSKImageCropper
  - RNPermissions (2.0.2):
    - React
  - RNReanimated (1.3.0):
    - React
  - RNScreens (2.0.0-alpha.3):
    - React
  - RNShare (2.0.0):
    - React
  - RNSound (0.11.0):
    - React
    - RNSound/Core (= 0.11.0)
  - RNSound/Core (0.11.0):
    - React
  - RNSVG (9.11.1):
    - React
  - RNVectorIcons (6.6.0):
    - React
  - RSKImageCropper (2.2.3)
  - SSZipArchive (2.2.2)
  - Yoga (1.14.0)

DEPENDENCIES:
  - BVLinearGradient (from `../node_modules/react-native-linear-gradient`)
  - CodePush (from `../node_modules/react-native-code-push`)
  - DoubleConversion (from `../node_modules/react-native/third-party-podspecs/DoubleConversion.podspec`)
  - FBLazyVector (from `../node_modules/react-native/Libraries/FBLazyVector`)
  - FBReactNativeSpec (from `../node_modules/react-native/Libraries/FBReactNativeSpec`)
  - Folly (from `../node_modules/react-native/third-party-podspecs/Folly.podspec`)
  - glog (from `../node_modules/react-native/third-party-podspecs/glog.podspec`)
  - Google-Maps-iOS-Utils
  - GoogleMaps
  - OneSignal (< 3.0, >= 2.9.3)
  - RCTRequired (from `../node_modules/react-native/Libraries/RCTRequired`)
  - RCTRestart (from `../node_modules/react-native-restart/ios`)
  - RCTTypeSafety (from `../node_modules/react-native/Libraries/TypeSafety`)
  - React (from `../node_modules/react-native/`)
  - React-Core (from `../node_modules/react-native/`)
  - React-Core/DevSupport (from `../node_modules/react-native/`)
  - React-Core/RCTWebSocket (from `../node_modules/react-native/`)
  - React-CoreModules (from `../node_modules/react-native/React/CoreModules`)
  - React-cxxreact (from `../node_modules/react-native/ReactCommon/cxxreact`)
  - React-jsi (from `../node_modules/react-native/ReactCommon/jsi`)
  - React-jsiexecutor (from `../node_modules/react-native/ReactCommon/jsiexecutor`)
  - React-jsinspector (from `../node_modules/react-native/ReactCommon/jsinspector`)
  - "react-native-cameraroll (from `../node_modules/@react-native-community/cameraroll`)"
  - react-native-document-picker (from `../node_modules/react-native-document-picker`)
  - react-native-geocoder (from `../node_modules/react-native-geocoder`)
  - "react-native-geolocation (from `../node_modules/@react-native-community/geolocation`)"
  - react-native-google-maps (from `../node_modules/react-native-maps`)
  - react-native-image-picker (from `../node_modules/react-native-image-picker`)
  - "react-native-mapbox-gl (from `../node_modules/@react-native-mapbox-gl/maps`)"
  - react-native-maps (from `../node_modules/react-native-maps`)
  - "react-native-netinfo (from `../node_modules/@react-native-community/netinfo`)"
  - react-native-onesignal (from `../node_modules/react-native-onesignal`)
  - react-native-splash-screen (from `../node_modules/react-native-splash-screen`)
  - React-RCTActionSheet (from `../node_modules/react-native/Libraries/ActionSheetIOS`)
  - React-RCTAnimation (from `../node_modules/react-native/Libraries/NativeAnimation`)
  - React-RCTBlob (from `../node_modules/react-native/Libraries/Blob`)
  - React-RCTImage (from `../node_modules/react-native/Libraries/Image`)
  - React-RCTLinking (from `../node_modules/react-native/Libraries/LinkingIOS`)
  - React-RCTNetwork (from `../node_modules/react-native/Libraries/Network`)
  - React-RCTSettings (from `../node_modules/react-native/Libraries/Settings`)
  - React-RCTText (from `../node_modules/react-native/Libraries/Text`)
  - React-RCTVibration (from `../node_modules/react-native/Libraries/Vibration`)
  - ReactCommon/jscallinvoker (from `../node_modules/react-native/ReactCommon`)
  - ReactCommon/turbomodule/core (from `../node_modules/react-native/ReactCommon`)
  - "RNCAsyncStorage (from `../node_modules/@react-native-community/async-storage`)"
  - RNGestureHandler (from `../node_modules/react-native-gesture-handler`)
  - RNI18n (from `../node_modules/react-native-i18n`)
  - RNImageCropPicker (from `../node_modules/react-native-image-crop-picker`)
  - RNPermissions (from `../node_modules/react-native-permissions`)
  - RNReanimated (from `../node_modules/react-native-reanimated`)
  - RNScreens (from `../node_modules/react-native-screens`)
  - RNShare (from `../node_modules/react-native-share`)
  - RNSound (from `../node_modules/react-native-sound`)
  - RNSVG (from `../node_modules/react-native-svg`)
  - RNVectorIcons (from `../node_modules/react-native-vector-icons`)
  - Yoga (from `../node_modules/react-native/ReactCommon/yoga`)

SPEC REPOS:
  trunk:
    - Base64
    - boost-for-react-native
    - Google-Maps-iOS-Utils
    - GoogleMaps
    - JWT
    - OneSignal
    - QBImagePickerController
    - RSKImageCropper
    - SSZipArchive

EXTERNAL SOURCES:
  BVLinearGradient:
    :path: "../node_modules/react-native-linear-gradient"
  CodePush:
    :path: "../node_modules/react-native-code-push"
  DoubleConversion:
    :podspec: "../node_modules/react-native/third-party-podspecs/DoubleConversion.podspec"
  FBLazyVector:
    :path: "../node_modules/react-native/Libraries/FBLazyVector"
  FBReactNativeSpec:
    :path: "../node_modules/react-native/Libraries/FBReactNativeSpec"
  Folly:
    :podspec: "../node_modules/react-native/third-party-podspecs/Folly.podspec"
  glog:
    :podspec: "../node_modules/react-native/third-party-podspecs/glog.podspec"
  RCTRequired:
    :path: "../node_modules/react-native/Libraries/RCTRequired"
  RCTRestart:
    :path: "../node_modules/react-native-restart/ios"
  RCTTypeSafety:
    :path: "../node_modules/react-native/Libraries/TypeSafety"
  React:
    :path: "../node_modules/react-native/"
  React-Core:
    :path: "../node_modules/react-native/"
  React-CoreModules:
    :path: "../node_modules/react-native/React/CoreModules"
  React-cxxreact:
    :path: "../node_modules/react-native/ReactCommon/cxxreact"
  React-jsi:
    :path: "../node_modules/react-native/ReactCommon/jsi"
  React-jsiexecutor:
    :path: "../node_modules/react-native/ReactCommon/jsiexecutor"
  React-jsinspector:
    :path: "../node_modules/react-native/ReactCommon/jsinspector"
  react-native-cameraroll:
    :path: "../node_modules/@react-native-community/cameraroll"
  react-native-document-picker:
    :path: "../node_modules/react-native-document-picker"
  react-native-geocoder:
    :path: "../node_modules/react-native-geocoder"
  react-native-geolocation:
    :path: "../node_modules/@react-native-community/geolocation"
  react-native-google-maps:
    :path: "../node_modules/react-native-maps"
  react-native-image-picker:
    :path: "../node_modules/react-native-image-picker"
  react-native-mapbox-gl:
    :path: "../node_modules/@react-native-mapbox-gl/maps"
  react-native-maps:
    :path: "../node_modules/react-native-maps"
  react-native-netinfo:
    :path: "../node_modules/@react-native-community/netinfo"
  react-native-onesignal:
    :path: "../node_modules/react-native-onesignal"
  react-native-splash-screen:
    :path: "../node_modules/react-native-splash-screen"
  React-RCTActionSheet:
    :path: "../node_modules/react-native/Libraries/ActionSheetIOS"
  React-RCTAnimation:
    :path: "../node_modules/react-native/Libraries/NativeAnimation"
  React-RCTBlob:
    :path: "../node_modules/react-native/Libraries/Blob"
  React-RCTImage:
    :path: "../node_modules/react-native/Libraries/Image"
  React-RCTLinking:
    :path: "../node_modules/react-native/Libraries/LinkingIOS"
  React-RCTNetwork:
    :path: "../node_modules/react-native/Libraries/Network"
  React-RCTSettings:
    :path: "../node_modules/react-native/Libraries/Settings"
  React-RCTText:
    :path: "../node_modules/react-native/Libraries/Text"
  React-RCTVibration:
    :path: "../node_modules/react-native/Libraries/Vibration"
  ReactCommon:
    :path: "../node_modules/react-native/ReactCommon"
  RNCAsyncStorage:
    :path: "../node_modules/@react-native-community/async-storage"
  RNGestureHandler:
    :path: "../node_modules/react-native-gesture-handler"
  RNI18n:
    :path: "../node_modules/react-native-i18n"
  RNImageCropPicker:
    :path: "../node_modules/react-native-image-crop-picker"
  RNPermissions:
    :path: "../node_modules/react-native-permissions"
  RNReanimated:
    :path: "../node_modules/react-native-reanimated"
  RNScreens:
    :path: "../node_modules/react-native-screens"
  RNShare:
    :path: "../node_modules/react-native-share"
  RNSound:
    :path: "../node_modules/react-native-sound"
  RNSVG:
    :path: "../node_modules/react-native-svg"
  RNVectorIcons:
    :path: "../node_modules/react-native-vector-icons"
  Yoga:
    :path: "../node_modules/react-native/ReactCommon/yoga"

SPEC CHECKSUMS:
  Base64: cecfb41a004124895a7bcee567a89bae5a89d49b
  boost-for-react-native: 39c7adb57c4e60d6c5479dd8623128eb5b3f0f2c
  BVLinearGradient: e3aad03778a456d77928f594a649e96995f1c872
  CodePush: fe25db2e24ff1a2fab8b280a9633d9ba520867be
  DoubleConversion: 5805e889d232975c086db112ece9ed034df7a0b2
  FBLazyVector: 815d415da87ffb4308b229ffe4b531799d118c6c
  FBReactNativeSpec: a43dfecd1f9e31d5729a38adafba1790c4c6c950
  Folly: 30e7936e1c45c08d884aa59369ed951a8e68cf51
  glog: 1f3da668190260b06b429bb211bfbee5cd790c28
  Google-Maps-iOS-Utils: c32891ff472eaaa1fca032beedafa1a013af7875
  GoogleMaps: 5046d7edfe381c1a0b20fdaf293915a375c3122b
  JWT: 05028b9624591bba9681bb57df2c5f95fa258bad
  OneSignal: 4e3e68bb6c29975286a2fa910cb49132bc6e20bb
  QBImagePickerController: d54cf93db6decf26baf6ed3472f336ef35cae022
  RCTRequired: 1f0d5c0baf372e291f70b6b1275b19142bdce931
  RCTRestart: e8e3868a71dbec2cf8055fc2c0635db23c8c4479
  RCTTypeSafety: 3b7329bbb97065c1f6ff7157f8eaf0da60fdc13d
  React: e419a1c0c3afe96300511585756bbea2f9f35e04
  React-Core: 8a505361c3ebe5ad216d52ca5f007a65ef63e5b6
  React-CoreModules: 47a3d75d3afd7089a5d2dd55dab08887ed1afa4c
  React-cxxreact: 4c6e3ec3e5f0ffcb659a3612a1e59a2144f21754
  React-jsi: 4b5e521350c455b5eb4be50ea98c02de25b44fad
  React-jsiexecutor: 5532ab4389aabbbf1b87904de04c8ddd7dda7036
  React-jsinspector: 99b82aeb51d67d9025ab4eb8ccb8132f8dcebf69
  react-native-cameraroll: 9fa61cb36a9cc6d5109b591466a9f985b264c27b
  react-native-document-picker: c36bf5f067a581657ecaf7124dcd921a8be19061
  react-native-geocoder: 757427682892bb256f3b3745858cc90eba148a8e
  react-native-geolocation: cbd9d6bd06bac411eed2671810f454d4908484a8
  react-native-google-maps: 2e2e697dab576abd5809d78cd74e775865b62bf7
  react-native-image-picker: 3637d63fef7e32a230141ab4660d3ceb773c824f
  react-native-mapbox-gl: ecc2366d83698aed7670c0e19fd7684ad1f3ac57
  react-native-maps: 6e499eee4eabf422ba8b6f94e993cc768bf35153
  react-native-netinfo: 892a5130be97ff8bb69c523739c424a2ffc296d1
  react-native-onesignal: ede2c185dd3c4c04bdab98f10c92dfe6f9d61c5d
  react-native-splash-screen: 200d11d188e2e78cea3ad319964f6142b6384865
  React-RCTActionSheet: 5f9a1733ec8e380aae8a97877f1166cb058733ae
  React-RCTAnimation: 3e0a55305b70b1eb5a5e34230ed8198d4a782da9
  React-RCTBlob: a6ff2220ed7ef4b06e559ec61a0b0f4e80a3716a
  React-RCTImage: c814a1f15e26a4736dedc4468748889eb68fdc2c
  React-RCTLinking: 2c0e8c6129460aec97a049b63d888392671e87b5
  React-RCTNetwork: e1c46d5a4476c485690bfb9fb59cc9db054ace74
  React-RCTSettings: c7891181cc13b7b47e7669ca533a159dc7039914
  React-RCTText: beb19a6c50072a1a2f617490ea967237c98d1dfc
  React-RCTVibration: c8e67f140a83a14a1ad9042950cca08ab29423fd
  ReactCommon: 584ef683c340894c1c82be43ce760390493ae8bf
  RNCAsyncStorage: 5ae4d57458804e99f73d427214442a6b10a53856
  RNGestureHandler: 4cb47a93019c1a201df2644413a0a1569a51c8aa
  RNI18n: e2f7e76389fcc6e84f2c8733ea89b92502351fd8
  RNImageCropPicker: bfb3ea9c8622f290532e2fe63f369e0d5a52f597
  RNPermissions: 76d6d5a65496b33378afe4b90ae5b30629ddd900
  RNReanimated: 6abbbae2e5e72609d85aabd92a982a94566885f1
  RNScreens: 402a99b0a27c0c32f079cec12d3ccbd35e20cd7f
  RNShare: 8b171d4b43c1d886917fdd303bf7a4b87167b05c
  RNSound: c980916b596cc15c8dcd2f6ecd3b13c4881dbe20
  RNSVG: be27aa7c58819f97399388ae53d7fa0572f32c7f
  RNVectorIcons: 0bb4def82230be1333ddaeee9fcba45f0b288ed4
  RSKImageCropper: a446db0e8444a036b34f3c43db01b2373baa4b2a
  SSZipArchive: fa16b8cc4cdeceb698e5e5d9f67e9558532fbf23
  Yoga: 3f70bbd9aa01e04eefec36e2a085b2fc0ff1dd98

PODFILE CHECKSUM: f4e623135270961f727c6e70d4d2dee186aea80d

COCOAPODS: 1.8.4
